PODS:
  - Alamofire (4.0.1)
  - SwiftyDropbox (4.1.1):
    - Alamofire (~> 4.0.1)

DEPENDENCIES:
  - SwiftyDropbox (~> 4.1.1)

SPEC CHECKSUMS:
  Alamofire: 7682d43245de14874acd142ec137b144aa1dd335
  SwiftyDropbox: dfcd4d308d32d74729255b48833db61acdfb9c23

PODFILE CHECKSUM: 390fb264962eb448547e73441dbddee7f2920b3d

COCOAPODS: 1.1.1
